
Microsoft Visual Studio Solution File, Format Version 12.00
# Visual Studio Version 17
VisualStudioVersion = 17.4.33403.182
MinimumVisualStudioVersion = 10.0.40219.1
Project("{FAE04EC0-301F-11D3-BF4B-00C04F79EFBC}") = "edediortasi", "edediortasi\edediortasi.csproj", "{D661996C-D947-4A2E-879E-6BB90768E5DB}"
EndProject
Global
	GlobalSection(SolutionConfigurationPlatforms) = preSolution
		Debug|Any CPU = Debug|Any CPU
		Release|Any CPU = Release|Any CPU
	EndGlobalSection
	GlobalSection(ProjectConfigurationPlatforms) = postSolution
		{D661996C-D947-4A2E-879E-6BB90768E5DB}.Debug|Any CPU.ActiveCfg = Debug|Any CPU
		{D661996C-D947-4A2E-879E-6BB90768E5DB}.Debug|Any CPU.Build.0 = Debug|Any CPU
		{D661996C-D947-4A2E-879E-6BB90768E5DB}.Release|Any CPU.ActiveCfg = Release|Any CPU
		{D661996C-D947-4A2E-879E-6BB90768E5DB}.Release|Any CPU.Build.0 = Release|Any CPU
	EndGlobalSection
	GlobalSection(SolutionProperties) = preSolution
		HideSolutionNode = FALSE
	EndGlobalSection
	GlobalSection(ExtensibilityGlobals) = postSolution
		SolutionGuid = {EBAC640F-38B9-424C-BD24-1FF4A52A4556}
	EndGlobalSection
EndGlobal
